
Microsoft Visual Studio Solution File, Format Version 12.00
# Visual Studio Version 17
VisualStudioVersion = 17.3.32819.101
MinimumVisualStudioVersion = 10.0.40219.1
Project("{FAE04EC0-301F-11D3-BF4B-00C04F79EFBC}") = "HotelListing.API", "HotelListing.API\HotelListing.API.csproj", "{D9BFAB58-396C-4A8E-9283-9158307C714F}"
EndProject
Global
	GlobalSection(SolutionConfigurationPlatforms) = preSolution
		Debug|Any CPU = Debug|Any CPU
		Release|Any CPU = Release|Any CPU
	EndGlobalSection
	GlobalSection(ProjectConfigurationPlatforms) = postSolution
		{D9BFAB58-396C-4A8E-9283-9158307C714F}.Debug|Any CPU.ActiveCfg = Debug|Any CPU
		{D9BFAB58-396C-4A8E-9283-9158307C714F}.Debug|Any CPU.Build.0 = Debug|Any CPU
		{D9BFAB58-396C-4A8E-9283-9158307C714F}.Release|Any CPU.ActiveCfg = Release|Any CPU
		{D9BFAB58-396C-4A8E-9283-9158307C714F}.Release|Any CPU.Build.0 = Release|Any CPU
	EndGlobalSection
	GlobalSection(SolutionProperties) = preSolution
		HideSolutionNode = FALSE
	EndGlobalSection
	GlobalSection(ExtensibilityGlobals) = postSolution
		SolutionGuid = {EA9DE246-1BD1-459D-ADA3-0EED360C4A45}
	EndGlobalSection
EndGlobal
